Microsoft Visual Studio Solution File, Format Version 12.00
# Visual Studio Version 17
VisualStudioVersion = 17.5.2.0
MinimumVisualStudioVersion = 10.0.40219.1
Project("{FAE04EC0-301F-11D3-BF4B-00C04F79EFBC}") = "ZhubBack", "ZhubBack.csproj", "{93E939EC-59BC-0D22-24AA-B01A902D6677}"
EndProject
Global
	GlobalSection(SolutionConfigurationPlatforms) = preSolution
		Debug|Any CPU = Debug|Any CPU
		Release|Any CPU = Release|Any CPU
	EndGlobalSection
	GlobalSection(ProjectConfigurationPlatforms) = postSolution
		{93E939EC-59BC-0D22-24AA-B01A902D6677}.Debug|Any CPU.ActiveCfg = Debug|Any CPU
		{93E939EC-59BC-0D22-24AA-B01A902D6677}.Debug|Any CPU.Build.0 = Debug|Any CPU
		{93E939EC-59BC-0D22-24AA-B01A902D6677}.Release|Any CPU.ActiveCfg = Release|Any CPU
		{93E939EC-59BC-0D22-24AA-B01A902D6677}.Release|Any CPU.Build.0 = Release|Any CPU
	EndGlobalSection
	GlobalSection(SolutionProperties) = preSolution
		HideSolutionNode = FALSE
	EndGlobalSection
	GlobalSection(ExtensibilityGlobals) = postSolution
		SolutionGuid = {649EDD9D-3006-4498-A737-6F66C98BE90C}
	EndGlobalSection
EndGlobal
